
Microsoft Visual Studio Solution File, Format Version 12.00
# Visual Studio 15
VisualStudioVersion = 15.0.26124.0
MinimumVisualStudioVersion = 15.0.26124.0
Project("{9A19103F-16F7-4668-BE54-9A1E7A4F7556}") = "Addressbook", "Addressbook\Addressbook.csproj", "{4B7239D8-364E-48C7-9D0A-51326158EC14}"
EndProject
Project("{9A19103F-16F7-4668-BE54-9A1E7A4F7556}") = "Addressbook.Tests", "Addressbook.Tests\Addressbook.Tests.csproj", "{53E34055-A0C4-4C76-B702-E5DAF527FA4D}"
EndProject
Project("{9A19103F-16F7-4668-BE54-9A1E7A4F7556}") = "LaYumbaDemo.Tests", "LaYumbaDemo.Tests\LaYumbaDemo.Tests.csproj", "{2DD06175-CFAE-40AC-86C7-D0B582F5F6DC}"
EndProject
Project("{9A19103F-16F7-4668-BE54-9A1E7A4F7556}") = "Addressbook.Persistence", "Addressbook.Persistence\Addressbook.Persistence.csproj", "{AE7C34D9-9719-4AB5-8BC7-246E22032EE8}"
EndProject
Project("{9A19103F-16F7-4668-BE54-9A1E7A4F7556}") = "Addressbook.Persistence.Contracts", "Addressbook.Persistence.Contracts\Addressbook.Persistence.Contracts.csproj", "{D670546A-F0D6-49B1-8FD1-853335921E8E}"
EndProject
Project("{2150E333-8FDC-42A3-9474-1A3956D46DE8}") = "Persistence", "Persistence", "{ABB9F224-F71A-49C9-90FA-0329DD911E6D}"
EndProject
Project("{2150E333-8FDC-42A3-9474-1A3956D46DE8}") = "LaYumbaStuff", "LaYumbaStuff", "{D5A982F6-5F40-4527-86D5-CDE5213FBC03}"
EndProject
Project("{2150E333-8FDC-42A3-9474-1A3956D46DE8}") = "Domain", "Domain", "{BE8C08F6-7536-4C75-A5B5-2A0E1F0B248C}"
EndProject
Project("{2150E333-8FDC-42A3-9474-1A3956D46DE8}") = "UI", "UI", "{89128151-A7E0-4AAF-8785-E8161EBCEED0}"
EndProject
Project("{9A19103F-16F7-4668-BE54-9A1E7A4F7556}") = "Addressbook.Console", "Addressbook.Console\Addressbook.Console.csproj", "{9741BDEB-1439-4B2B-A5B7-4D1E06F692C9}"
EndProject
Project("{9A19103F-16F7-4668-BE54-9A1E7A4F7556}") = "Addressbook.Persistence.Tests", "Addressbook.Persistence.Tests\Addressbook.Persistence.Tests.csproj", "{083E3F5A-ECCD-42BD-8F8F-4CBA5CF690A0}"
EndProject
Project("{FAE04EC0-301F-11D3-BF4B-00C04F79EFBC}") = "ScratchTests", "ScratchTests\ScratchTests.csproj", "{1BC3FE0B-BC2F-45BE-8B68-C3AD3EF90FC4}"
EndProject
Global
	GlobalSection(SolutionConfigurationPlatforms) = preSolution
		Debug|Any CPU = Debug|Any CPU
		Debug|x64 = Debug|x64
		Debug|x86 = Debug|x86
		Release|Any CPU = Release|Any CPU
		Release|x64 = Release|x64
		Release|x86 = Release|x86
	EndGlobalSection
	GlobalSection(ProjectConfigurationPlatforms) = postSolution
		{4B7239D8-364E-48C7-9D0A-51326158EC14}.Debug|Any CPU.ActiveCfg = Debug|Any CPU
		{4B7239D8-364E-48C7-9D0A-51326158EC14}.Debug|Any CPU.Build.0 = Debug|Any CPU
		{4B7239D8-364E-48C7-9D0A-51326158EC14}.Debug|x64.ActiveCfg = Debug|Any CPU
		{4B7239D8-364E-48C7-9D0A-51326158EC14}.Debug|x64.Build.0 = Debug|Any CPU
		{4B7239D8-364E-48C7-9D0A-51326158EC14}.Debug|x86.ActiveCfg = Debug|Any CPU
		{4B7239D8-364E-48C7-9D0A-51326158EC14}.Debug|x86.Build.0 = Debug|Any CPU
		{4B7239D8-364E-48C7-9D0A-51326158EC14}.Release|Any CPU.ActiveCfg = Release|Any CPU
		{4B7239D8-364E-48C7-9D0A-51326158EC14}.Release|Any CPU.Build.0 = Release|Any CPU
		{4B7239D8-364E-48C7-9D0A-51326158EC14}.Release|x64.ActiveCfg = Release|Any CPU
		{4B7239D8-364E-48C7-9D0A-51326158EC14}.Release|x64.Build.0 = Release|Any CPU
		{4B7239D8-364E-48C7-9D0A-51326158EC14}.Release|x86.ActiveCfg = Release|Any CPU
		{4B7239D8-364E-48C7-9D0A-51326158EC14}.Release|x86.Build.0 = Release|Any CPU
		{53E34055-A0C4-4C76-B702-E5DAF527FA4D}.Debug|Any CPU.ActiveCfg = Debug|Any CPU
		{53E34055-A0C4-4C76-B702-E5DAF527FA4D}.Debug|Any CPU.Build.0 = Debug|Any CPU
		{53E34055-A0C4-4C76-B702-E5DAF527FA4D}.Debug|x64.ActiveCfg = Debug|Any CPU
		{53E34055-A0C4-4C76-B702-E5DAF527FA4D}.Debug|x64.Build.0 = Debug|Any CPU
		{53E34055-A0C4-4C76-B702-E5DAF527FA4D}.Debug|x86.ActiveCfg = Debug|Any CPU
		{53E34055-A0C4-4C76-B702-E5DAF527FA4D}.Debug|x86.Build.0 = Debug|Any CPU
		{53E34055-A0C4-4C76-B702-E5DAF527FA4D}.Release|Any CPU.ActiveCfg = Release|Any CPU
		{53E34055-A0C4-4C76-B702-E5DAF527FA4D}.Release|Any CPU.Build.0 = Release|Any CPU
		{53E34055-A0C4-4C76-B702-E5DAF527FA4D}.Release|x64.ActiveCfg = Release|Any CPU
		{53E34055-A0C4-4C76-B702-E5DAF527FA4D}.Release|x64.Build.0 = Release|Any CPU
		{53E34055-A0C4-4C76-B702-E5DAF527FA4D}.Release|x86.ActiveCfg = Release|Any CPU
		{53E34055-A0C4-4C76-B702-E5DAF527FA4D}.Release|x86.Build.0 = Release|Any CPU
		{2DD06175-CFAE-40AC-86C7-D0B582F5F6DC}.Debug|Any CPU.ActiveCfg = Debug|Any CPU
		{2DD06175-CFAE-40AC-86C7-D0B582F5F6DC}.Debug|Any CPU.Build.0 = Debug|Any CPU
		{2DD06175-CFAE-40AC-86C7-D0B582F5F6DC}.Debug|x64.ActiveCfg = Debug|Any CPU
		{2DD06175-CFAE-40AC-86C7-D0B582F5F6DC}.Debug|x64.Build.0 = Debug|Any CPU
		{2DD06175-CFAE-40AC-86C7-D0B582F5F6DC}.Debug|x86.ActiveCfg = Debug|Any CPU
		{2DD06175-CFAE-40AC-86C7-D0B582F5F6DC}.Debug|x86.Build.0 = Debug|Any CPU
		{2DD06175-CFAE-40AC-86C7-D0B582F5F6DC}.Release|Any CPU.ActiveCfg = Release|Any CPU
		{2DD06175-CFAE-40AC-86C7-D0B582F5F6DC}.Release|Any CPU.Build.0 = Release|Any CPU
		{2DD06175-CFAE-40AC-86C7-D0B582F5F6DC}.Release|x64.ActiveCfg = Release|Any CPU
		{2DD06175-CFAE-40AC-86C7-D0B582F5F6DC}.Release|x64.Build.0 = Release|Any CPU
		{2DD06175-CFAE-40AC-86C7-D0B582F5F6DC}.Release|x86.ActiveCfg = Release|Any CPU
		{2DD06175-CFAE-40AC-86C7-D0B582F5F6DC}.Release|x86.Build.0 = Release|Any CPU
		{AE7C34D9-9719-4AB5-8BC7-246E22032EE8}.Debug|Any CPU.ActiveCfg = Debug|Any CPU
		{AE7C34D9-9719-4AB5-8BC7-246E22032EE8}.Debug|Any CPU.Build.0 = Debug|Any CPU
		{AE7C34D9-9719-4AB5-8BC7-246E22032EE8}.Debug|x64.ActiveCfg = Debug|Any CPU
		{AE7C34D9-9719-4AB5-8BC7-246E22032EE8}.Debug|x64.Build.0 = Debug|Any CPU
		{AE7C34D9-9719-4AB5-8BC7-246E22032EE8}.Debug|x86.ActiveCfg = Debug|Any CPU
		{AE7C34D9-9719-4AB5-8BC7-246E22032EE8}.Debug|x86.Build.0 = Debug|Any CPU
		{AE7C34D9-9719-4AB5-8BC7-246E22032EE8}.Release|Any CPU.ActiveCfg = Release|Any CPU
		{AE7C34D9-9719-4AB5-8BC7-246E22032EE8}.Release|Any CPU.Build.0 = Release|Any CPU
		{AE7C34D9-9719-4AB5-8BC7-246E22032EE8}.Release|x64.ActiveCfg = Release|Any CPU
		{AE7C34D9-9719-4AB5-8BC7-246E22032EE8}.Release|x64.Build.0 = Release|Any CPU
		{AE7C34D9-9719-4AB5-8BC7-246E22032EE8}.Release|x86.ActiveCfg = Release|Any CPU
		{AE7C34D9-9719-4AB5-8BC7-246E22032EE8}.Release|x86.Build.0 = Release|Any CPU
		{D670546A-F0D6-49B1-8FD1-853335921E8E}.Debug|Any CPU.ActiveCfg = Debug|Any CPU
		{D670546A-F0D6-49B1-8FD1-853335921E8E}.Debug|Any CPU.Build.0 = Debug|Any CPU
		{D670546A-F0D6-49B1-8FD1-853335921E8E}.Debug|x64.ActiveCfg = Debug|Any CPU
		{D670546A-F0D6-49B1-8FD1-853335921E8E}.Debug|x64.Build.0 = Debug|Any CPU
		{D670546A-F0D6-49B1-8FD1-853335921E8E}.Debug|x86.ActiveCfg = Debug|Any CPU
		{D670546A-F0D6-49B1-8FD1-853335921E8E}.Debug|x86.Build.0 = Debug|Any CPU
		{D670546A-F0D6-49B1-8FD1-853335921E8E}.Release|Any CPU.ActiveCfg = Release|Any CPU
		{D670546A-F0D6-49B1-8FD1-853335921E8E}.Release|Any CPU.Build.0 = Release|Any CPU
		{D670546A-F0D6-49B1-8FD1-853335921E8E}.Release|x64.ActiveCfg = Release|Any CPU
		{D670546A-F0D6-49B1-8FD1-853335921E8E}.Release|x64.Build.0 = Release|Any CPU
		{D670546A-F0D6-49B1-8FD1-853335921E8E}.Release|x86.ActiveCfg = Release|Any CPU
		{D670546A-F0D6-49B1-8FD1-853335921E8E}.Release|x86.Build.0 = Release|Any CPU
		{9741BDEB-1439-4B2B-A5B7-4D1E06F692C9}.Debug|Any CPU.ActiveCfg = Debug|Any CPU
		{9741BDEB-1439-4B2B-A5B7-4D1E06F692C9}.Debug|Any CPU.Build.0 = Debug|Any CPU
		{9741BDEB-1439-4B2B-A5B7-4D1E06F692C9}.Debug|x64.ActiveCfg = Debug|Any CPU
		{9741BDEB-1439-4B2B-A5B7-4D1E06F692C9}.Debug|x64.Build.0 = Debug|Any CPU
		{9741BDEB-1439-4B2B-A5B7-4D1E06F692C9}.Debug|x86.ActiveCfg = Debug|Any CPU
		{9741BDEB-1439-4B2B-A5B7-4D1E06F692C9}.Debug|x86.Build.0 = Debug|Any CPU
		{9741BDEB-1439-4B2B-A5B7-4D1E06F692C9}.Release|Any CPU.ActiveCfg = Release|Any CPU
		{9741BDEB-1439-4B2B-A5B7-4D1E06F692C9}.Release|Any CPU.Build.0 = Release|Any CPU
		{9741BDEB-1439-4B2B-A5B7-4D1E06F692C9}.Release|x64.ActiveCfg = Release|Any CPU
		{9741BDEB-1439-4B2B-A5B7-4D1E06F692C9}.Release|x64.Build.0 = Release|Any CPU
		{9741BDEB-1439-4B2B-A5B7-4D1E06F692C9}.Release|x86.ActiveCfg = Release|Any CPU
		{9741BDEB-1439-4B2B-A5B7-4D1E06F692C9}.Release|x86.Build.0 = Release|Any CPU
		{083E3F5A-ECCD-42BD-8F8F-4CBA5CF690A0}.Debug|Any CPU.ActiveCfg = Debug|Any CPU
		{083E3F5A-ECCD-42BD-8F8F-4CBA5CF690A0}.Debug|Any CPU.Build.0 = Debug|Any CPU
		{083E3F5A-ECCD-42BD-8F8F-4CBA5CF690A0}.Debug|x64.ActiveCfg = Debug|Any CPU
		{083E3F5A-ECCD-42BD-8F8F-4CBA5CF690A0}.Debug|x64.Build.0 = Debug|Any CPU
		{083E3F5A-ECCD-42BD-8F8F-4CBA5CF690A0}.Debug|x86.ActiveCfg = Debug|Any CPU
		{083E3F5A-ECCD-42BD-8F8F-4CBA5CF690A0}.Debug|x86.Build.0 = Debug|Any CPU
		{083E3F5A-ECCD-42BD-8F8F-4CBA5CF690A0}.Release|Any CPU.ActiveCfg = Release|Any CPU
		{083E3F5A-ECCD-42BD-8F8F-4CBA5CF690A0}.Release|Any CPU.Build.0 = Release|Any CPU
		{083E3F5A-ECCD-42BD-8F8F-4CBA5CF690A0}.Release|x64.ActiveCfg = Release|Any CPU
		{083E3F5A-ECCD-42BD-8F8F-4CBA5CF690A0}.Release|x64.Build.0 = Release|Any CPU
		{083E3F5A-ECCD-42BD-8F8F-4CBA5CF690A0}.Release|x86.ActiveCfg = Release|Any CPU
		{083E3F5A-ECCD-42BD-8F8F-4CBA5CF690A0}.Release|x86.Build.0 = Release|Any CPU
		{1BC3FE0B-BC2F-45BE-8B68-C3AD3EF90FC4}.Debug|Any CPU.ActiveCfg = Debug|Any CPU
		{1BC3FE0B-BC2F-45BE-8B68-C3AD3EF90FC4}.Debug|Any CPU.Build.0 = Debug|Any CPU
		{1BC3FE0B-BC2F-45BE-8B68-C3AD3EF90FC4}.Debug|x64.ActiveCfg = Debug|Any CPU
		{1BC3FE0B-BC2F-45BE-8B68-C3AD3EF90FC4}.Debug|x64.Build.0 = Debug|Any CPU
		{1BC3FE0B-BC2F-45BE-8B68-C3AD3EF90FC4}.Debug|x86.ActiveCfg = Debug|Any CPU
		{1BC3FE0B-BC2F-45BE-8B68-C3AD3EF90FC4}.Debug|x86.Build.0 = Debug|Any CPU
		{1BC3FE0B-BC2F-45BE-8B68-C3AD3EF90FC4}.Release|Any CPU.ActiveCfg = Release|Any CPU
		{1BC3FE0B-BC2F-45BE-8B68-C3AD3EF90FC4}.Release|Any CPU.Build.0 = Release|Any CPU
		{1BC3FE0B-BC2F-45BE-8B68-C3AD3EF90FC4}.Release|x64.ActiveCfg = Release|Any CPU
		{1BC3FE0B-BC2F-45BE-8B68-C3AD3EF90FC4}.Release|x64.Build.0 = Release|Any CPU
		{1BC3FE0B-BC2F-45BE-8B68-C3AD3EF90FC4}.Release|x86.ActiveCfg = Release|Any CPU
		{1BC3FE0B-BC2F-45BE-8B68-C3AD3EF90FC4}.Release|x86.Build.0 = Release|Any CPU
	EndGlobalSection
	GlobalSection(SolutionProperties) = preSolution
		HideSolutionNode = FALSE
	EndGlobalSection
	GlobalSection(NestedProjects) = preSolution
		{4B7239D8-364E-48C7-9D0A-51326158EC14} = {BE8C08F6-7536-4C75-A5B5-2A0E1F0B248C}
		{53E34055-A0C4-4C76-B702-E5DAF527FA4D} = {BE8C08F6-7536-4C75-A5B5-2A0E1F0B248C}
		{2DD06175-CFAE-40AC-86C7-D0B582F5F6DC} = {D5A982F6-5F40-4527-86D5-CDE5213FBC03}
		{AE7C34D9-9719-4AB5-8BC7-246E22032EE8} = {ABB9F224-F71A-49C9-90FA-0329DD911E6D}
		{D670546A-F0D6-49B1-8FD1-853335921E8E} = {ABB9F224-F71A-49C9-90FA-0329DD911E6D}
		{9741BDEB-1439-4B2B-A5B7-4D1E06F692C9} = {89128151-A7E0-4AAF-8785-E8161EBCEED0}
		{083E3F5A-ECCD-42BD-8F8F-4CBA5CF690A0} = {ABB9F224-F71A-49C9-90FA-0329DD911E6D}
	EndGlobalSection
	GlobalSection(ExtensibilityGlobals) = postSolution
		SolutionGuid = {F895E492-A2A8-4825-A57B-7C6ACE1E2A40}
	EndGlobalSection
EndGlobal
