
Microsoft Visual Studio Solution File, Format Version 12.00
# Visual Studio 15
VisualStudioVersion = 15.0.26124.0
MinimumVisualStudioVersion = 15.0.26124.0
Project("{9A19103F-16F7-4668-BE54-9A1E7A4F7556}") = "Addressbook", "Addressbook\Addressbook.csproj", "{4B7239D8-364E-48C7-9D0A-51326158EC14}"
EndProject
Project("{9A19103F-16F7-4668-BE54-9A1E7A4F7556}") = "Addressbook.Tests", "Addressbook.Tests\Addressbook.Tests.csproj", "{53E34055-A0C4-4C76-B702-E5DAF527FA4D}"
EndProject
Project("{FAE04EC0-301F-11D3-BF4B-00C04F79EFBC}") = "LaYumbaDemo.Tests", "LaYumbaDemo.Tests\LaYumbaDemo.Tests.csproj", "{2DD06175-CFAE-40AC-86C7-D0B582F5F6DC}"
EndProject
Global
	GlobalSection(SolutionConfigurationPlatforms) = preSolution
		Debug|Any CPU = Debug|Any CPU
		Debug|x64 = Debug|x64
		Debug|x86 = Debug|x86
		Release|Any CPU = Release|Any CPU
		Release|x64 = Release|x64
		Release|x86 = Release|x86
	EndGlobalSection
	GlobalSection(ProjectConfigurationPlatforms) = postSolution
		{4B7239D8-364E-48C7-9D0A-51326158EC14}.Debug|Any CPU.ActiveCfg = Debug|Any CPU
		{4B7239D8-364E-48C7-9D0A-51326158EC14}.Debug|Any CPU.Build.0 = Debug|Any CPU
		{4B7239D8-364E-48C7-9D0A-51326158EC14}.Debug|x64.ActiveCfg = Debug|Any CPU
		{4B7239D8-364E-48C7-9D0A-51326158EC14}.Debug|x64.Build.0 = Debug|Any CPU
		{4B7239D8-364E-48C7-9D0A-51326158EC14}.Debug|x86.ActiveCfg = Debug|Any CPU
		{4B7239D8-364E-48C7-9D0A-51326158EC14}.Debug|x86.Build.0 = Debug|Any CPU
		{4B7239D8-364E-48C7-9D0A-51326158EC14}.Release|Any CPU.ActiveCfg = Release|Any CPU
		{4B7239D8-364E-48C7-9D0A-51326158EC14}.Release|Any CPU.Build.0 = Release|Any CPU
		{4B7239D8-364E-48C7-9D0A-51326158EC14}.Release|x64.ActiveCfg = Release|Any CPU
		{4B7239D8-364E-48C7-9D0A-51326158EC14}.Release|x64.Build.0 = Release|Any CPU
		{4B7239D8-364E-48C7-9D0A-51326158EC14}.Release|x86.ActiveCfg = Release|Any CPU
		{4B7239D8-364E-48C7-9D0A-51326158EC14}.Release|x86.Build.0 = Release|Any CPU
		{53E34055-A0C4-4C76-B702-E5DAF527FA4D}.Debug|Any CPU.ActiveCfg = Debug|Any CPU
		{53E34055-A0C4-4C76-B702-E5DAF527FA4D}.Debug|Any CPU.Build.0 = Debug|Any CPU
		{53E34055-A0C4-4C76-B702-E5DAF527FA4D}.Debug|x64.ActiveCfg = Debug|Any CPU
		{53E34055-A0C4-4C76-B702-E5DAF527FA4D}.Debug|x64.Build.0 = Debug|Any CPU
		{53E34055-A0C4-4C76-B702-E5DAF527FA4D}.Debug|x86.ActiveCfg = Debug|Any CPU
		{53E34055-A0C4-4C76-B702-E5DAF527FA4D}.Debug|x86.Build.0 = Debug|Any CPU
		{53E34055-A0C4-4C76-B702-E5DAF527FA4D}.Release|Any CPU.ActiveCfg = Release|Any CPU
		{53E34055-A0C4-4C76-B702-E5DAF527FA4D}.Release|Any CPU.Build.0 = Release|Any CPU
		{53E34055-A0C4-4C76-B702-E5DAF527FA4D}.Release|x64.ActiveCfg = Release|Any CPU
		{53E34055-A0C4-4C76-B702-E5DAF527FA4D}.Release|x64.Build.0 = Release|Any CPU
		{53E34055-A0C4-4C76-B702-E5DAF527FA4D}.Release|x86.ActiveCfg = Release|Any CPU
		{53E34055-A0C4-4C76-B702-E5DAF527FA4D}.Release|x86.Build.0 = Release|Any CPU
		{2DD06175-CFAE-40AC-86C7-D0B582F5F6DC}.Debug|Any CPU.ActiveCfg = Debug|Any CPU
		{2DD06175-CFAE-40AC-86C7-D0B582F5F6DC}.Debug|Any CPU.Build.0 = Debug|Any CPU
		{2DD06175-CFAE-40AC-86C7-D0B582F5F6DC}.Debug|x64.ActiveCfg = Debug|Any CPU
		{2DD06175-CFAE-40AC-86C7-D0B582F5F6DC}.Debug|x64.Build.0 = Debug|Any CPU
		{2DD06175-CFAE-40AC-86C7-D0B582F5F6DC}.Debug|x86.ActiveCfg = Debug|Any CPU
		{2DD06175-CFAE-40AC-86C7-D0B582F5F6DC}.Debug|x86.Build.0 = Debug|Any CPU
		{2DD06175-CFAE-40AC-86C7-D0B582F5F6DC}.Release|Any CPU.ActiveCfg = Release|Any CPU
		{2DD06175-CFAE-40AC-86C7-D0B582F5F6DC}.Release|Any CPU.Build.0 = Release|Any CPU
		{2DD06175-CFAE-40AC-86C7-D0B582F5F6DC}.Release|x64.ActiveCfg = Release|Any CPU
		{2DD06175-CFAE-40AC-86C7-D0B582F5F6DC}.Release|x64.Build.0 = Release|Any CPU
		{2DD06175-CFAE-40AC-86C7-D0B582F5F6DC}.Release|x86.ActiveCfg = Release|Any CPU
		{2DD06175-CFAE-40AC-86C7-D0B582F5F6DC}.Release|x86.Build.0 = Release|Any CPU
	EndGlobalSection
	GlobalSection(SolutionProperties) = preSolution
		HideSolutionNode = FALSE
	EndGlobalSection
	GlobalSection(ExtensibilityGlobals) = postSolution
		SolutionGuid = {F895E492-A2A8-4825-A57B-7C6ACE1E2A40}
	EndGlobalSection
EndGlobal
